// !$*UTF8*$!
{
	archiveVersion = 1;
	classes = {
	};
	objectVersion = 48;
	objects = {

/* Begin PBXBuildFile section */
		28BF74E42030FC3100885074 /* AppDelegate.swift in Sources */ = {isa = PBXBuildFile; fileRef = 28BF74E32030FC3100885074 /* AppDelegate.swift */; };
		28BF74E62030FC3100885074 /* ViewController.swift in Sources */ = {isa = PBXBuildFile; fileRef = 28BF74E52030FC3100885074 /* ViewController.swift */; };
		28BF74E92030FC3100885074 /* Main.storyboard in Resources */ = {isa = PBXBuildFile; fileRef = 28BF74E72030FC3100885074 /* Main.storyboard */; };
		28BF74EB2030FC3100885074 /* Assets.xcassets in Resources */ = {isa = PBXBuildFile; fileRef = 28BF74EA2030FC3100885074 /* Assets.xcassets */; };
		28BF74EE2030FC3100885074 /* LaunchScreen.storyboard in Resources */ = {isa = PBXBuildFile; fileRef = 28BF74EC2030FC3100885074 /* LaunchScreen.storyboard */; };
		28BF74F92030FC3100885074 /* FlixPart1Assignment1Tests.swift in Sources */ = {isa = PBXBuildFile; fileRef = 28BF74F82030FC3100885074 /* FlixPart1Assignment1Tests.swift */; };
		28BF75042030FC3100885074 /* FlixPart1Assignment1UITests.swift in Sources */ = {isa = PBXBuildFile; fileRef = 28BF75032030FC3100885074 /* FlixPart1Assignment1UITests.swift */; };
/* End PBXBuildFile section */

/* Begin PBXContainerItemProxy section */
		28BF74F52030FC3100885074 /* PBXContainerItemProxy */ = {
			isa = PBXContainerItemProxy;
			containerPortal = 28BF74D82030FC3100885074 /* Project object */;
			proxyType = 1;
			remoteGlobalIDString = 28BF74DF2030FC3100885074;
			remoteInfo = FlixPart1Assignment1;
		};
		28BF75002030FC3100885074 /* PBXContainerItemProxy */ = {
			isa = PBXContainerItemProxy;
			containerPortal = 28BF74D82030FC3100885074 /* Project object */;
			proxyType = 1;
			remoteGlobalIDString = 28BF74DF2030FC3100885074;
			remoteInfo = FlixPart1Assignment1;
		};
/* End PBXContainerItemProxy section */

/* Begin PBXFileReference section */
		28BF74E02030FC3100885074 /* FlixPart1Assignment1.app */ = {isa = PBXFileReference; explicitFileType = wrapper.application; includeInIndex = 0; path = FlixPart1Assignment1.app; sourceTree = BUILT_PRODUCTS_DIR; };
		28BF74E32030FC3100885074 /* AppDelegate.swift */ = {isa = PBXFileReference; lastKnownFileType = sourcecode.swift; path = AppDelegate.swift; sourceTree = "<group>"; };
		28BF74E52030FC3100885074 /* ViewController.swift */ = {isa = PBXFileReference; lastKnownFileType = sourcecode.swift; path = ViewController.swift; sourceTree = "<group>"; };
		28BF74E82030FC3100885074 /* Base */ = {isa = PBXFileReference; lastKnownFileType = file.storyboard; name = Base; path = Base.lproj/Main.storyboard; sourceTree = "<group>"; };
		28BF74EA2030FC3100885074 /* Assets.xcassets */ = {isa = PBXFileReference; lastKnownFileType = folder.assetcatalog; path = Assets.xcassets; sourceTree = "<group>"; };
		28BF74ED2030FC3100885074 /* Base */ = {isa = PBXFileReference; lastKnownFileType = file.storyboard; name = Base; path = Base.lproj/LaunchScreen.storyboard; sourceTree = "<group>"; };
		28BF74EF2030FC3100885074 /* Info.plist */ = {isa = PBXFileReference; lastKnownFileType = text.plist.xml; path = Info.plist; sourceTree = "<group>"; };
		28BF74F42030FC3100885074 /* FlixPart1Assignment1Tests.xctest */ = {isa = PBXFileReference; explicitFileType = wrapper.cfbundle; includeInIndex = 0; path = FlixPart1Assignment1Tests.xctest; sourceTree = BUILT_PRODUCTS_DIR; };
		28BF74F82030FC3100885074 /* FlixPart1Assignment1Tests.swift */ = {isa = PBXFileReference; lastKnownFileType = sourcecode.swift; path = FlixPart1Assignment1Tests.swift; sourceTree = "<group>"; };
		28BF74FA2030FC3100885074 /* Info.plist */ = {isa = PBXFileReference; lastKnownFileType = text.plist.xml; path = Info.plist; sourceTree = "<group>"; };
		28BF74FF2030FC3100885074 /* FlixPart1Assignment1UITests.xctest */ = {isa = PBXFileReference; explicitFileType = wrapper.cfbundle; includeInIndex = 0; path = FlixPart1Assignment1UITests.xctest; sourceTree = BUILT_PRODUCTS_DIR; };
		28BF75032030FC3100885074 /* FlixPart1Assignment1UITests.swift */ = {isa = PBXFileReference; lastKnownFileType = sourcecode.swift; path = FlixPart1Assignment1UITests.swift; sourceTree = "<group>"; };
		28BF75052030FC3100885074 /* Info.plist */ = {isa = PBXFileReference; lastKnownFileType = text.plist.xml; path = Info.plist; sourceTree = "<group>"; };
/* End PBXFileReference section */

/* Begin PBXFrameworksBuildPhase section */
		28BF74DD2030FC3100885074 /* Frameworks */ = {
			isa = PBXFrameworksBuildPhase;
			buildActionMask = 2147483647;
			files = (
			);
			runOnlyForDeploymentPostprocessing = 0;
		};
		28BF74F12030FC3100885074 /* Frameworks */ = {
			isa = PBXFrameworksBuildPhase;
			buildActionMask = 2147483647;
			files = (
			);
			runOnlyForDeploymentPostprocessing = 0;
		};
		28BF74FC2030FC3100885074 /* Frameworks */ = {
			isa = PBXFrameworksBuildPhase;
			buildActionMask = 2147483647;
			files = (
			);
			runOnlyForDeploymentPostprocessing = 0;
		};
/* End PBXFrameworksBuildPhase section */

/* Begin PBXGroup section */
		28BF74D72030FC3100885074 = {
			isa = PBXGroup;
			children = (
				28BF74E22030FC3100885074 /* FlixPart1Assignment1 */,
				28BF74F72030FC3100885074 /* FlixPart1Assignment1Tests */,
				28BF75022030FC3100885074 /* FlixPart1Assignment1UITests */,
				28BF74E12030FC3100885074 /* Products */,
			);
			sourceTree = "<group>";
		};
		28BF74E12030FC3100885074 /* Products */ = {
			isa = PBXGroup;
			children = (
				28BF74E02030FC3100885074 /* FlixPart1Assignment1.app */,
				28BF74F42030FC3100885074 /* FlixPart1Assignment1Tests.xctest */,
				28BF74FF2030FC3100885074 /* FlixPart1Assignment1UITests.xctest */,
			);
			name = Products;
			sourceTree = "<group>";
		};
		28BF74E22030FC3100885074 /* FlixPart1Assignment1 */ = {
			isa = PBXGroup;
			children = (
				28BF74E32030FC3100885074 /* AppDelegate.swift */,
				28BF74E52030FC3100885074 /* ViewController.swift */,
				28BF74E72030FC3100885074 /* Main.storyboard */,
				28BF74EA2030FC3100885074 /* Assets.xcassets */,
				28BF74EC2030FC3100885074 /* LaunchScreen.storyboard */,
				28BF74EF2030FC3100885074 /* Info.plist */,
			);
			path = FlixPart1Assignment1;
			sourceTree = "<group>";
		};
		28BF74F72030FC3100885074 /* FlixPart1Assignment1Tests */ = {
			isa = PBXGroup;
			children = (
				28BF74F82030FC3100885074 /* FlixPart1Assignment1Tests.swift */,
				28BF74FA2030FC3100885074 /* Info.plist */,
			);
			path = FlixPart1Assignment1Tests;
			sourceTree = "<group>";
		};
		28BF75022030FC3100885074 /* FlixPart1Assignment1UITests */ = {
			isa = PBXGroup;
			children = (
				28BF75032030FC3100885074 /* FlixPart1Assignment1UITests.swift */,
				28BF75052030FC3100885074 /* Info.plist */,
			);
			path = FlixPart1Assignment1UITests;
			sourceTree = "<group>";
		};
/* End PBXGroup section */

/* Begin PBXNativeTarget section */
		28BF74DF2030FC3100885074 /* FlixPart1Assignment1 */ = {
			isa = PBXNativeTarget;
			buildConfigurationList = 28BF75082030FC3100885074 /* Build configuration list for PBXNativeTarget "FlixPart1Assignment1" */;
			buildPhases = (
				28BF74DC2030FC3100885074 /* Sources */,
				28BF74DD2030FC3100885074 /* Frameworks */,
				28BF74DE2030FC3100885074 /* Resources */,
			);
			buildRules = (
			);
			dependencies = (
			);
			name = FlixPart1Assignment1;
			productName = FlixPart1Assignment1;
			productReference = 28BF74E02030FC3100885074 /* FlixPart1Assignment1.app */;
			productType = "com.apple.product-type.application";
		};
		28BF74F32030FC3100885074 /* FlixPart1Assignment1Tests */ = {
			isa = PBXNativeTarget;
			buildConfigurationList = 28BF750B2030FC3100885074 /* Build configuration list for PBXNativeTarget "FlixPart1Assignment1Tests" */;
			buildPhases = (
				28BF74F02030FC3100885074 /* Sources */,
				28BF74F12030FC3100885074 /* Frameworks */,
				28BF74F22030FC3100885074 /* Resources */,
			);
			buildRules = (
			);
			dependencies = (
				28BF74F62030FC3100885074 /* PBXTargetDependency */,
			);
			name = FlixPart1Assignment1Tests;
			productName = FlixPart1Assignment1Tests;
			productReference = 28BF74F42030FC3100885074 /* FlixPart1Assignment1Tests.xctest */;
			productType = "com.apple.product-type.bundle.unit-test";
		};
		28BF74FE2030FC3100885074 /* FlixPart1Assignment1UITests */ = {
			isa = PBXNativeTarget;
			buildConfigurationList = 28BF750E2030FC3100885074 /* Build configuration list for PBXNativeTarget "FlixPart1Assignment1UITests" */;
			buildPhases = (
				28BF74FB2030FC3100885074 /* Sources */,
				28BF74FC2030FC3100885074 /* Frameworks */,
				28BF74FD2030FC3100885074 /* Resources */,
			);
			buildRules = (
			);
			dependencies = (
				28BF75012030FC3100885074 /* PBXTargetDependency */,
			);
			name = FlixPart1Assignment1UITests;
			productName = FlixPart1Assignment1UITests;
			productReference = 28BF74FF2030FC3100885074 /* FlixPart1Assignment1UITests.xctest */;
			productType = "com.apple.product-type.bundle.ui-testing";
		};
/* End PBXNativeTarget section */

/* Begin PBXProject section */
		28BF74D82030FC3100885074 /* Project object */ = {
			isa = PBXProject;
			attributes = {
				LastSwiftUpdateCheck = 0920;
				LastUpgradeCheck = 0920;
				ORGANIZATIONNAME = "Henry Vuong";
				TargetAttributes = {
					28BF74DF2030FC3100885074 = {
						CreatedOnToolsVersion = 9.2;
						ProvisioningStyle = Automatic;
					};
					28BF74F32030FC3100885074 = {
						CreatedOnToolsVersion = 9.2;
						ProvisioningStyle = Automatic;
						TestTargetID = 28BF74DF2030FC3100885074;
					};
					28BF74FE2030FC3100885074 = {
						CreatedOnToolsVersion = 9.2;
						ProvisioningStyle = Automatic;
						TestTargetID = 28BF74DF2030FC3100885074;
					};
				};
			};
			buildConfigurationList = 28BF74DB2030FC3100885074 /* Build configuration list for PBXProject "FlixPart1Assignment1" */;
			compatibilityVersion = "Xcode 8.0";
			developmentRegion = en;
			hasScannedForEncodings = 0;
			knownRegions = (
				en,
				Base,
			);
			mainGroup = 28BF74D72030FC3100885074;
			productRefGroup = 28BF74E12030FC3100885074 /* Products */;
			projectDirPath = "";
			projectRoot = "";
			targets = (
				28BF74DF2030FC3100885074 /* FlixPart1Assignment1 */,
				28BF74F32030FC3100885074 /* FlixPart1Assignment1Tests */,
				28BF74FE2030FC3100885074 /* FlixPart1Assignment1UITests */,
			);
		};
/* End PBXProject section */

/* Begin PBXResourcesBuildPhase section */
		28BF74DE2030FC3100885074 /* Resources */ = {
			isa = PBXResourcesBuildPhase;
			buildActionMask = 2147483647;
			files = (
				28BF74EE2030FC3100885074 /* LaunchScreen.storyboard in Resources */,
				28BF74EB2030FC3100885074 /* Assets.xcassets in Resources */,
				28BF74E92030FC3100885074 /* Main.storyboard in Resources */,
			);
			runOnlyForDeploymentPostprocessing = 0;
		};
		28BF74F22030FC3100885074 /* Resources */ = {
			isa = PBXResourcesBuildPhase;
			buildActionMask = 2147483647;
			files = (
			);
			runOnlyForDeploymentPostprocessing = 0;
		};
		28BF74FD2030FC3100885074 /* Resources */ = {
			isa = PBXResourcesBuildPhase;
			buildActionMask = 2147483647;
			files = (
			);
			runOnlyForDeploymentPostprocessing = 0;
		};
/* End PBXResourcesBuildPhase section */

/* Begin PBXSourcesBuildPhase section */
		28BF74DC2030FC3100885074 /* Sources */ = {
			isa = PBXSourcesBuildPhase;
			buildActionMask = 2147483647;
			files = (
				28BF74E62030FC3100885074 /* ViewController.swift in Sources */,
				28BF74E42030FC3100885074 /* AppDelegate.swift in Sources */,
			);
			runOnlyForDeploymentPostprocessing = 0;
		};
		28BF74F02030FC3100885074 /* Sources */ = {
			isa = PBXSourcesBuildPhase;
			buildActionMask = 2147483647;
			files = (
				28BF74F92030FC3100885074 /* FlixPart1Assignment1Tests.swift in Sources */,
			);
			runOnlyForDeploymentPostprocessing = 0;
		};
		28BF74FB2030FC3100885074 /* Sources */ = {
			isa = PBXSourcesBuildPhase;
			buildActionMask = 2147483647;
			files = (
				28BF75042030FC3100885074 /* FlixPart1Assignment1UITests.swift in Sources */,
			);
			runOnlyForDeploymentPostprocessing = 0;
		};
/* End PBXSourcesBuildPhase section */

/* Begin PBXTargetDependency section */
		28BF74F62030FC3100885074 /* PBXTargetDependency */ = {
			isa = PBXTargetDependency;
			target = 28BF74DF2030FC3100885074 /* FlixPart1Assignment1 */;
			targetProxy = 28BF74F52030FC3100885074 /* PBXContainerItemProxy */;
		};
		28BF75012030FC3100885074 /* PBXTargetDependency */ = {
			isa = PBXTargetDependency;
			target = 28BF74DF2030FC3100885074 /* FlixPart1Assignment1 */;
			targetProxy = 28BF75002030FC3100885074 /* PBXContainerItemProxy */;
		};
/* End PBXTargetDependency section */

/* Begin PBXVariantGroup section */
		28BF74E72030FC3100885074 /* Main.storyboard */ = {
			isa = PBXVariantGroup;
			children = (
				28BF74E82030FC3100885074 /* Base */,
			);
			name = Main.storyboard;
			sourceTree = "<group>";
		};
		28BF74EC2030FC3100885074 /* LaunchScreen.storyboard */ = {
			isa = PBXVariantGroup;
			children = (
				28BF74ED2030FC3100885074 /* Base */,
			);
			name = LaunchScreen.storyboard;
			sourceTree = "<group>";
		};
/* End PBXVariantGroup section */

/* Begin XCBuildConfiguration section */
		28BF75062030FC3100885074 /* Debug */ = {
			isa = XCBuildConfiguration;
			buildSettings = {
				ALWAYS_SEARCH_USER_PATHS = NO;
				CLANG_ANALYZER_NONNULL = YES;
				CLANG_ANALYZER_NUMBER_OBJECT_CONVERSION = YES_AGGRESSIVE;
				CLANG_CXX_LANGUAGE_STANDARD = "gnu++14";
				CLANG_CXX_LIBRARY = "libc++";
				CLANG_ENABLE_MODULES = YES;
				CLANG_ENABLE_OBJC_ARC = YES;
				CLANG_WARN_BLOCK_CAPTURE_AUTORELEASING = YES;
				CLANG_WARN_BOOL_CONVERSION = YES;
				CLANG_WARN_COMMA = YES;
				CLANG_WARN_CONSTANT_CONVERSION = YES;
				CLANG_WARN_DIRECT_OBJC_ISA_USAGE = YES_ERROR;
				CLANG_WARN_DOCUMENTATION_COMMENTS = YES;
				CLANG_WARN_EMPTY_BODY = YES;
				CLANG_WARN_ENUM_CONVERSION = YES;
				CLANG_WARN_INFINITE_RECURSION = YES;
				CLANG_WARN_INT_CONVERSION = YES;
				CLANG_WARN_NON_LITERAL_NULL_CONVERSION = YES;
				CLANG_WARN_OBJC_LITERAL_CONVERSION = YES;
				CLANG_WARN_OBJC_ROOT_CLASS = YES_ERROR;
				CLANG_WARN_RANGE_LOOP_ANALYSIS = YES;
				CLANG_WARN_STRICT_PROTOTYPES = YES;
				CLANG_WARN_SUSPICIOUS_MOVE = YES;
				CLANG_WARN_UNGUARDED_AVAILABILITY = YES_AGGRESSIVE;
				CLANG_WARN_UNREACHABLE_CODE = YES;
				CLANG_WARN__DUPLICATE_METHOD_MATCH = YES;
				CODE_SIGN_IDENTITY = "iPhone Developer";
				COPY_PHASE_STRIP = NO;
				DEBUG_INFORMATION_FORMAT = dwarf;
				ENABLE_STRICT_OBJC_MSGSEND = YES;
				ENABLE_TESTABILITY = YES;
				GCC_C_LANGUAGE_STANDARD = gnu11;
				GCC_DYNAMIC_NO_PIC = NO;
				GCC_NO_COMMON_BLOCKS = YES;
				GCC_OPTIMIZATION_LEVEL = 0;
				GCC_PREPROCESSOR_DEFINITIONS = (
					"DEBUG=1",
					"$(inherited)",
				);
				GCC_WARN_64_TO_32_BIT_CONVERSION = YES;
				GCC_WARN_ABOUT_RETURN_TYPE = YES_ERROR;
				GCC_WARN_UNDECLARED_SELECTOR = YES;
				GCC_WARN_UNINITIALIZED_AUTOS = YES_AGGRESSIVE;
				GCC_WARN_UNUSED_FUNCTION = YES;
				GCC_WARN_UNUSED_VARIABLE = YES;
				IPHONEOS_DEPLOYMENT_TARGET = 11.2;
				MTL_ENABLE_DEBUG_INFO = YES;
				ONLY_ACTIVE_ARCH = YES;
				SDKROOT = iphoneos;
				SWIFT_ACTIVE_COMPILATION_CONDITIONS = DEBUG;
				SWIFT_OPTIMIZATION_LEVEL = "-Onone";
			};
			name = Debug;
		};
		28BF75072030FC3100885074 /* Release */ = {
			isa = XCBuildConfiguration;
			buildSettings = {
				ALWAYS_SEARCH_USER_PATHS = NO;
				CLANG_ANALYZER_NONNULL = YES;
				CLANG_ANALYZER_NUMBER_OBJECT_CONVERSION = YES_AGGRESSIVE;
				CLANG_CXX_LANGUAGE_STANDARD = "gnu++14";
				CLANG_CXX_LIBRARY = "libc++";
				CLANG_ENABLE_MODULES = YES;
				CLANG_ENABLE_OBJC_ARC = YES;
				CLANG_WARN_BLOCK_CAPTURE_AUTORELEASING = YES;
				CLANG_WARN_BOOL_CONVERSION = YES;
				CLANG_WARN_COMMA = YES;
				CLANG_WARN_CONSTANT_CONVERSION = YES;
				CLANG_WARN_DIRECT_OBJC_ISA_USAGE = YES_ERROR;
				CLANG_WARN_DOCUMENTATION_COMMENTS = YES;
				CLANG_WARN_EMPTY_BODY = YES;
				CLANG_WARN_ENUM_CONVERSION = YES;
				CLANG_WARN_INFINITE_RECURSION = YES;
				CLANG_WARN_INT_CONVERSION = YES;
				CLANG_WARN_NON_LITERAL_NULL_CONVERSION = YES;
				CLANG_WARN_OBJC_LITERAL_CONVERSION = YES;
				CLANG_WARN_OBJC_ROOT_CLASS = YES_ERROR;
				CLANG_WARN_RANGE_LOOP_ANALYSIS = YES;
				CLANG_WARN_STRICT_PROTOTYPES = YES;
				CLANG_WARN_SUSPICIOUS_MOVE = YES;
				CLANG_WARN_UNGUARDED_AVAILABILITY = YES_AGGRESSIVE;
				CLANG_WARN_UNREACHABLE_CODE = YES;
				CLANG_WARN__DUPLICATE_METHOD_MATCH = YES;
				CODE_SIGN_IDENTITY = "iPhone Developer";
				COPY_PHASE_STRIP = NO;
				DEBUG_INFORMATION_FORMAT = "dwarf-with-dsym";
				ENABLE_NS_ASSERTIONS = NO;
				ENABLE_STRICT_OBJC_MSGSEND = YES;
				GCC_C_LANGUAGE_STANDARD = gnu11;
				GCC_NO_COMMON_BLOCKS = YES;
				GCC_WARN_64_TO_32_BIT_CONVERSION = YES;
				GCC_WARN_ABOUT_RETURN_TYPE = YES_ERROR;
				GCC_WARN_UNDECLARED_SELECTOR = YES;
				GCC_WARN_UNINITIALIZED_AUTOS = YES_AGGRESSIVE;
				GCC_WARN_UNUSED_FUNCTION = YES;
				GCC_WARN_UNUSED_VARIABLE = YES;
				IPHONEOS_DEPLOYMENT_TARGET = 11.2;
				MTL_ENABLE_DEBUG_INFO = NO;
				SDKROOT = iphoneos;
				SWIFT_OPTIMIZATION_LEVEL = "-Owholemodule";
				VALIDATE_PRODUCT = YES;
			};
			name = Release;
		};
		28BF75092030FC3100885074 /* Debug */ = {
			isa = XCBuildConfiguration;
			buildSettings = {
				ASSETCATALOG_COMPILER_APPICON_NAME = AppIcon;
				CODE_SIGN_STYLE = Automatic;
				INFOPLIST_FILE = FlixPart1Assignment1/Info.plist;
				LD_RUNPATH_SEARCH_PATHS = "$(inherited) @executable_path/Frameworks";
				PRODUCT_BUNDLE_IDENTIFIER = CodePath.FlixPart1Assignment1;
				PRODUCT_NAME = "$(TARGET_NAME)";
				SWIFT_VERSION = 4.0;
				TARGETED_DEVICE_FAMILY = "1,2";
			};
			name = Debug;
		};
		28BF750A2030FC3100885074 /* Release */ = {
			isa = XCBuildConfiguration;
			buildSettings = {
				ASSETCATALOG_COMPILER_APPICON_NAME = AppIcon;
				CODE_SIGN_STYLE = Automatic;
				INFOPLIST_FILE = FlixPart1Assignment1/Info.plist;
				LD_RUNPATH_SEARCH_PATHS = "$(inherited) @executable_path/Frameworks";
				PRODUCT_BUNDLE_IDENTIFIER = CodePath.FlixPart1Assignment1;
				PRODUCT_NAME = "$(TARGET_NAME)";
				SWIFT_VERSION = 4.0;
				TARGETED_DEVICE_FAMILY = "1,2";
			};
			name = Release;
		};
		28BF750C2030FC3100885074 /* Debug */ = {
			isa = XCBuildConfiguration;
			buildSettings = {
				ALWAYS_EMBED_SWIFT_STANDARD_LIBRARIES = YES;
				BUNDLE_LOADER = "$(TEST_HOST)";
				CODE_SIGN_STYLE = Automatic;
				INFOPLIST_FILE = FlixPart1Assignment1Tests/Info.plist;
				LD_RUNPATH_SEARCH_PATHS = "$(inherited) @executable_path/Frameworks @loader_path/Frameworks";
				PRODUCT_BUNDLE_IDENTIFIER = CodePath.FlixPart1Assignment1Tests;
				PRODUCT_NAME = "$(TARGET_NAME)";
				SWIFT_VERSION = 4.0;
				TARGETED_DEVICE_FAMILY = "1,2";
				TEST_HOST = "$(BUILT_PRODUCTS_DIR)/FlixPart1Assignment1.app/FlixPart1Assignment1";
			};
			name = Debug;
		};
		28BF750D2030FC3100885074 /* Release */ = {
			isa = XCBuildConfiguration;
			buildSettings = {
				ALWAYS_EMBED_SWIFT_STANDARD_LIBRARIES = YES;
				BUNDLE_LOADER = "$(TEST_HOST)";
				CODE_SIGN_STYLE = Automatic;
				INFOPLIST_FILE = FlixPart1Assignment1Tests/Info.plist;
				LD_RUNPATH_SEARCH_PATHS = "$(inherited) @executable_path/Frameworks @loader_path/Frameworks";
				PRODUCT_BUNDLE_IDENTIFIER = CodePath.FlixPart1Assignment1Tests;
				PRODUCT_NAME = "$(TARGET_NAME)";
				SWIFT_VERSION = 4.0;
				TARGETED_DEVICE_FAMILY = "1,2";
				TEST_HOST = "$(BUILT_PRODUCTS_DIR)/FlixPart1Assignment1.app/FlixPart1Assignment1";
			};
			name = Release;
		};
		28BF750F2030FC3100885074 /* Debug */ = {
			isa = XCBuildConfiguration;
			buildSettings = {
				ALWAYS_EMBED_SWIFT_STANDARD_LIBRARIES = YES;
				CODE_SIGN_STYLE = Automatic;
				INFOPLIST_FILE = FlixPart1Assignment1UITests/Info.plist;
				LD_RUNPATH_SEARCH_PATHS = "$(inherited) @executable_path/Frameworks @loader_path/Frameworks";
				PRODUCT_BUNDLE_IDENTIFIER = CodePath.FlixPart1Assignment1UITests;
				PRODUCT_NAME = "$(TARGET_NAME)";
				SWIFT_VERSION = 4.0;
				TARGETED_DEVICE_FAMILY = "1,2";
				TEST_TARGET_NAME = FlixPart1Assignment1;
			};
			name = Debug;
		};
		28BF75102030FC3100885074 /* Release */ = {
			isa = XCBuildConfiguration;
			buildSettings = {
				ALWAYS_EMBED_SWIFT_STANDARD_LIBRARIES = YES;
				CODE_SIGN_STYLE = Automatic;
				INFOPLIST_FILE = FlixPart1Assignment1UITests/Info.plist;
				LD_RUNPATH_SEARCH_PATHS = "$(inherited) @executable_path/Frameworks @loader_path/Frameworks";
				PRODUCT_BUNDLE_IDENTIFIER = CodePath.FlixPart1Assignment1UITests;
				PRODUCT_NAME = "$(TARGET_NAME)";
				SWIFT_VERSION = 4.0;
				TARGETED_DEVICE_FAMILY = "1,2";
				TEST_TARGET_NAME = FlixPart1Assignment1;
			};
			name = Release;
		};
/* End XCBuildConfiguration section */

/* Begin XCConfigurationList section */
		28BF74DB2030FC3100885074 /* Build configuration list for PBXProject "FlixPart1Assignment1" */ = {
			isa = XCConfigurationList;
			buildConfigurations = (
				28BF75062030FC3100885074 /* Debug */,
				28BF75072030FC3100885074 /* Release */,
			);
			defaultConfigurationIsVisible = 0;
			defaultConfigurationName = Release;
		};
		28BF75082030FC3100885074 /* Build configuration list for PBXNativeTarget "FlixPart1Assignment1" */ = {
			isa = XCConfigurationList;
			buildConfigurations = (
				28BF75092030FC3100885074 /* Debug */,
				28BF750A2030FC3100885074 /* Release */,
			);
			defaultConfigurationIsVisible = 0;
			defaultConfigurationName = Release;
		};
		28BF750B2030FC3100885074 /* Build configuration list for PBXNativeTarget "FlixPart1Assignment1Tests" */ = {
			isa = XCConfigurationList;
			buildConfigurations = (
				28BF750C2030FC3100885074 /* Debug */,
				28BF750D2030FC3100885074 /* Release */,
			);
			defaultConfigurationIsVisible = 0;
			defaultConfigurationName = Release;
		};
		28BF750E2030FC3100885074 /* Build configuration list for PBXNativeTarget "FlixPart1Assignment1UITests" */ = {
			isa = XCConfigurationList;
			buildConfigurations = (
				28BF750F2030FC3100885074 /* Debug */,
				28BF75102030FC3100885074 /* Release */,
			);
			defaultConfigurationIsVisible = 0;
			defaultConfigurationName = Release;
		};
/* End XCConfigurationList section */
	};
	rootObject = 28BF74D82030FC3100885074 /* Project object */;
}
